
Microsoft Visual Studio Solution File, Format Version 12.00
# Visual Studio Version 17
VisualStudioVersion = 17.3.32901.215
MinimumVisualStudioVersion = 10.0.40219.1
Project("{FAE04EC0-301F-11D3-BF4B-00C04F79EFBC}") = "Bài 11", "Bài 11\Bài 11.csproj", "{ADC95A66-ADA2-42E8-B6CC-B5B61670A359}"
EndProject
Project("{FAE04EC0-301F-11D3-BF4B-00C04F79EFBC}") = "Bài 12", "Bài 12\Bài 12.csproj", "{673AA205-7942-42BC-9406-4FB81B7FD561}"
EndProject
Project("{FAE04EC0-301F-11D3-BF4B-00C04F79EFBC}") = "Bài 13", "Bài 13\Bài 13.csproj", "{086BDC96-0C73-4789-924C-DB31F9165520}"
EndProject
Project("{FAE04EC0-301F-11D3-BF4B-00C04F79EFBC}") = "Bài 14", "Bài 14\Bài 14.csproj", "{4F3E4848-6A06-44AE-97C8-1718758DCDB5}"
EndProject
Project("{FAE04EC0-301F-11D3-BF4B-00C04F79EFBC}") = "Bài 15", "Bài 15\Bài 15.csproj", "{4F3B9350-6955-49D0-9E4A-A212D5C4590E}"
EndProject
Project("{FAE04EC0-301F-11D3-BF4B-00C04F79EFBC}") = "Bài 16", "Bài 16\Bài 16.csproj", "{2B9A21CD-32E5-4849-AA3A-E73CFBFFBC5E}"
EndProject
Project("{FAE04EC0-301F-11D3-BF4B-00C04F79EFBC}") = "Bài 17", "Bài 17\Bài 17.csproj", "{B57DD33F-2BA0-4AA3-91A5-9F26F5D97F04}"
EndProject
Project("{FAE04EC0-301F-11D3-BF4B-00C04F79EFBC}") = "Bài 20", "Bài 20\Bài 20.csproj", "{7AFCD6D0-3061-4C19-B466-1FB7E3BAA6E4}"
EndProject
Project("{FAE04EC0-301F-11D3-BF4B-00C04F79EFBC}") = "Bài 18", "Bài 18\Bài 18.csproj", "{1A00C201-28F9-415F-82AE-7EE25B3DE96B}"
EndProject
Project("{FAE04EC0-301F-11D3-BF4B-00C04F79EFBC}") = "Bài 2", "Bài 2\Bài 2.csproj", "{101ABEC4-AFA0-43BE-A062-8F9479CC54C6}"
EndProject
Project("{FAE04EC0-301F-11D3-BF4B-00C04F79EFBC}") = "Bài 21", "Bài 21\Bài 21.csproj", "{10F2103D-1D52-48BB-AB07-487235D68FCF}"
EndProject
Project("{FAE04EC0-301F-11D3-BF4B-00C04F79EFBC}") = "Bài 23", "Bài 23\Bài 23.csproj", "{1865C7E2-524E-4D39-8566-07823BF4B70B}"
EndProject
Project("{FAE04EC0-301F-11D3-BF4B-00C04F79EFBC}") = "Bài 8", "Bài 8\Bài 8.csproj", "{39E96BAB-11AA-4FFF-B71C-77BE2A118917}"
EndProject
Project("{FAE04EC0-301F-11D3-BF4B-00C04F79EFBC}") = "Bài 22", "Bài 22\Bài 22.csproj", "{A09EE607-E710-4D65-83DE-27FE5D1878F5}"
EndProject
Project("{FAE04EC0-301F-11D3-BF4B-00C04F79EFBC}") = "Bài 26", "Bài 26\Bài 26.csproj", "{B9D76436-391D-4627-9B49-BDE6E182F1A8}"
EndProject
Global
	GlobalSection(SolutionConfigurationPlatforms) = preSolution
		Debug|Any CPU = Debug|Any CPU
		Release|Any CPU = Release|Any CPU
	EndGlobalSection
	GlobalSection(ProjectConfigurationPlatforms) = postSolution
		{ADC95A66-ADA2-42E8-B6CC-B5B61670A359}.Debug|Any CPU.ActiveCfg = Debug|Any CPU
		{ADC95A66-ADA2-42E8-B6CC-B5B61670A359}.Debug|Any CPU.Build.0 = Debug|Any CPU
		{ADC95A66-ADA2-42E8-B6CC-B5B61670A359}.Release|Any CPU.ActiveCfg = Release|Any CPU
		{ADC95A66-ADA2-42E8-B6CC-B5B61670A359}.Release|Any CPU.Build.0 = Release|Any CPU
		{673AA205-7942-42BC-9406-4FB81B7FD561}.Debug|Any CPU.ActiveCfg = Debug|Any CPU
		{673AA205-7942-42BC-9406-4FB81B7FD561}.Debug|Any CPU.Build.0 = Debug|Any CPU
		{673AA205-7942-42BC-9406-4FB81B7FD561}.Release|Any CPU.ActiveCfg = Release|Any CPU
		{673AA205-7942-42BC-9406-4FB81B7FD561}.Release|Any CPU.Build.0 = Release|Any CPU
		{086BDC96-0C73-4789-924C-DB31F9165520}.Debug|Any CPU.ActiveCfg = Debug|Any CPU
		{086BDC96-0C73-4789-924C-DB31F9165520}.Debug|Any CPU.Build.0 = Debug|Any CPU
		{086BDC96-0C73-4789-924C-DB31F9165520}.Release|Any CPU.ActiveCfg = Release|Any CPU
		{086BDC96-0C73-4789-924C-DB31F9165520}.Release|Any CPU.Build.0 = Release|Any CPU
		{4F3E4848-6A06-44AE-97C8-1718758DCDB5}.Debug|Any CPU.ActiveCfg = Debug|Any CPU
		{4F3E4848-6A06-44AE-97C8-1718758DCDB5}.Debug|Any CPU.Build.0 = Debug|Any CPU
		{4F3E4848-6A06-44AE-97C8-1718758DCDB5}.Release|Any CPU.ActiveCfg = Release|Any CPU
		{4F3E4848-6A06-44AE-97C8-1718758DCDB5}.Release|Any CPU.Build.0 = Release|Any CPU
		{4F3B9350-6955-49D0-9E4A-A212D5C4590E}.Debug|Any CPU.ActiveCfg = Debug|Any CPU
		{4F3B9350-6955-49D0-9E4A-A212D5C4590E}.Debug|Any CPU.Build.0 = Debug|Any CPU
		{4F3B9350-6955-49D0-9E4A-A212D5C4590E}.Release|Any CPU.ActiveCfg = Release|Any CPU
		{4F3B9350-6955-49D0-9E4A-A212D5C4590E}.Release|Any CPU.Build.0 = Release|Any CPU
		{2B9A21CD-32E5-4849-AA3A-E73CFBFFBC5E}.Debug|Any CPU.ActiveCfg = Debug|Any CPU
		{2B9A21CD-32E5-4849-AA3A-E73CFBFFBC5E}.Debug|Any CPU.Build.0 = Debug|Any CPU
		{2B9A21CD-32E5-4849-AA3A-E73CFBFFBC5E}.Release|Any CPU.ActiveCfg = Release|Any CPU
		{2B9A21CD-32E5-4849-AA3A-E73CFBFFBC5E}.Release|Any CPU.Build.0 = Release|Any CPU
		{B57DD33F-2BA0-4AA3-91A5-9F26F5D97F04}.Debug|Any CPU.ActiveCfg = Debug|Any CPU
		{B57DD33F-2BA0-4AA3-91A5-9F26F5D97F04}.Debug|Any CPU.Build.0 = Debug|Any CPU
		{B57DD33F-2BA0-4AA3-91A5-9F26F5D97F04}.Release|Any CPU.ActiveCfg = Release|Any CPU
		{B57DD33F-2BA0-4AA3-91A5-9F26F5D97F04}.Release|Any CPU.Build.0 = Release|Any CPU
		{7AFCD6D0-3061-4C19-B466-1FB7E3BAA6E4}.Debug|Any CPU.ActiveCfg = Debug|Any CPU
		{7AFCD6D0-3061-4C19-B466-1FB7E3BAA6E4}.Debug|Any CPU.Build.0 = Debug|Any CPU
		{7AFCD6D0-3061-4C19-B466-1FB7E3BAA6E4}.Release|Any CPU.ActiveCfg = Release|Any CPU
		{7AFCD6D0-3061-4C19-B466-1FB7E3BAA6E4}.Release|Any CPU.Build.0 = Release|Any CPU
		{1A00C201-28F9-415F-82AE-7EE25B3DE96B}.Debug|Any CPU.ActiveCfg = Debug|Any CPU
		{1A00C201-28F9-415F-82AE-7EE25B3DE96B}.Debug|Any CPU.Build.0 = Debug|Any CPU
		{1A00C201-28F9-415F-82AE-7EE25B3DE96B}.Release|Any CPU.ActiveCfg = Release|Any CPU
		{1A00C201-28F9-415F-82AE-7EE25B3DE96B}.Release|Any CPU.Build.0 = Release|Any CPU
		{101ABEC4-AFA0-43BE-A062-8F9479CC54C6}.Debug|Any CPU.ActiveCfg = Debug|Any CPU
		{101ABEC4-AFA0-43BE-A062-8F9479CC54C6}.Debug|Any CPU.Build.0 = Debug|Any CPU
		{101ABEC4-AFA0-43BE-A062-8F9479CC54C6}.Release|Any CPU.ActiveCfg = Release|Any CPU
		{101ABEC4-AFA0-43BE-A062-8F9479CC54C6}.Release|Any CPU.Build.0 = Release|Any CPU
		{10F2103D-1D52-48BB-AB07-487235D68FCF}.Debug|Any CPU.ActiveCfg = Debug|Any CPU
		{10F2103D-1D52-48BB-AB07-487235D68FCF}.Debug|Any CPU.Build.0 = Debug|Any CPU
		{10F2103D-1D52-48BB-AB07-487235D68FCF}.Release|Any CPU.ActiveCfg = Release|Any CPU
		{10F2103D-1D52-48BB-AB07-487235D68FCF}.Release|Any CPU.Build.0 = Release|Any CPU
		{1865C7E2-524E-4D39-8566-07823BF4B70B}.Debug|Any CPU.ActiveCfg = Debug|Any CPU
		{1865C7E2-524E-4D39-8566-07823BF4B70B}.Debug|Any CPU.Build.0 = Debug|Any CPU
		{1865C7E2-524E-4D39-8566-07823BF4B70B}.Release|Any CPU.ActiveCfg = Release|Any CPU
		{1865C7E2-524E-4D39-8566-07823BF4B70B}.Release|Any CPU.Build.0 = Release|Any CPU
		{39E96BAB-11AA-4FFF-B71C-77BE2A118917}.Debug|Any CPU.ActiveCfg = Debug|Any CPU
		{39E96BAB-11AA-4FFF-B71C-77BE2A118917}.Debug|Any CPU.Build.0 = Debug|Any CPU
		{39E96BAB-11AA-4FFF-B71C-77BE2A118917}.Release|Any CPU.ActiveCfg = Release|Any CPU
		{39E96BAB-11AA-4FFF-B71C-77BE2A118917}.Release|Any CPU.Build.0 = Release|Any CPU
		{A09EE607-E710-4D65-83DE-27FE5D1878F5}.Debug|Any CPU.ActiveCfg = Debug|Any CPU
		{A09EE607-E710-4D65-83DE-27FE5D1878F5}.Debug|Any CPU.Build.0 = Debug|Any CPU
		{A09EE607-E710-4D65-83DE-27FE5D1878F5}.Release|Any CPU.ActiveCfg = Release|Any CPU
		{A09EE607-E710-4D65-83DE-27FE5D1878F5}.Release|Any CPU.Build.0 = Release|Any CPU
		{B9D76436-391D-4627-9B49-BDE6E182F1A8}.Debug|Any CPU.ActiveCfg = Debug|Any CPU
		{B9D76436-391D-4627-9B49-BDE6E182F1A8}.Debug|Any CPU.Build.0 = Debug|Any CPU
		{B9D76436-391D-4627-9B49-BDE6E182F1A8}.Release|Any CPU.ActiveCfg = Release|Any CPU
		{B9D76436-391D-4627-9B49-BDE6E182F1A8}.Release|Any CPU.Build.0 = Release|Any CPU
	EndGlobalSection
	GlobalSection(SolutionProperties) = preSolution
		HideSolutionNode = FALSE
	EndGlobalSection
	GlobalSection(ExtensibilityGlobals) = postSolution
		SolutionGuid = {B45552C0-7EA5-4D03-A543-53A9A8CC1754}
	EndGlobalSection
EndGlobal
